
Microsoft Visual Studio Solution File, Format Version 12.00
# Visual Studio 15
VisualStudioVersion = 15.0.28307.329
MinimumVisualStudioVersion = 10.0.40219.1
Project("{FAE04EC0-301F-11D3-BF4B-00C04F79EFBC}") = "Mod1_Lab1", "Mod1_Lab1\Mod1_Lab1.csproj", "{7F07EE31-7944-417B-9AE5-C0E1AC884F7D}"
EndProject
Global
	GlobalSection(SolutionConfigurationPlatforms) = preSolution
		Debug|Any CPU = Debug|Any CPU
		Release|Any CPU = Release|Any CPU
	EndGlobalSection
	GlobalSection(ProjectConfigurationPlatforms) = postSolution
		{7F07EE31-7944-417B-9AE5-C0E1AC884F7D}.Debug|Any CPU.ActiveCfg = Debug|Any CPU
		{7F07EE31-7944-417B-9AE5-C0E1AC884F7D}.Debug|Any CPU.Build.0 = Debug|Any CPU
		{7F07EE31-7944-417B-9AE5-C0E1AC884F7D}.Release|Any CPU.ActiveCfg = Release|Any CPU
		{7F07EE31-7944-417B-9AE5-C0E1AC884F7D}.Release|Any CPU.Build.0 = Release|Any CPU
	EndGlobalSection
	GlobalSection(SolutionProperties) = preSolution
		HideSolutionNode = FALSE
	EndGlobalSection
	GlobalSection(ExtensibilityGlobals) = postSolution
		SolutionGuid = {49DFA3EB-257E-497C-A641-8275DD5D29B0}
	EndGlobalSection
EndGlobal
